
Microsoft Visual Studio Solution File, Format Version 12.00
# Visual Studio Version 16
VisualStudioVersion = 16.0.31005.135
MinimumVisualStudioVersion = 10.0.40219.1
Project("{FAE04EC0-301F-11D3-BF4B-00C04F79EFBC}") = "FireGame_new_assign_S", "FireGame_new_assign_S\FireGame_new_assign_S.csproj", "{F53D9060-AC12-4D41-A10B-3242D095B1A5}"
EndProject
Project("{FAE04EC0-301F-11D3-BF4B-00C04F79EFBC}") = "FireGame_new_assign_STests", "FireGame_new_assign_STests\FireGame_new_assign_STests.csproj", "{F12F0D0D-88FD-4D08-8A5D-3B2E8F6A43A4}"
EndProject
Global
	GlobalSection(SolutionConfigurationPlatforms) = preSolution
		Debug|Any CPU = Debug|Any CPU
		Release|Any CPU = Release|Any CPU
	EndGlobalSection
	GlobalSection(ProjectConfigurationPlatforms) = postSolution
		{F53D9060-AC12-4D41-A10B-3242D095B1A5}.Debug|Any CPU.ActiveCfg = Debug|Any CPU
		{F53D9060-AC12-4D41-A10B-3242D095B1A5}.Debug|Any CPU.Build.0 = Debug|Any CPU
		{F53D9060-AC12-4D41-A10B-3242D095B1A5}.Release|Any CPU.ActiveCfg = Release|Any CPU
		{F53D9060-AC12-4D41-A10B-3242D095B1A5}.Release|Any CPU.Build.0 = Release|Any CPU
		{F12F0D0D-88FD-4D08-8A5D-3B2E8F6A43A4}.Debug|Any CPU.ActiveCfg = Debug|Any CPU
		{F12F0D0D-88FD-4D08-8A5D-3B2E8F6A43A4}.Debug|Any CPU.Build.0 = Debug|Any CPU
		{F12F0D0D-88FD-4D08-8A5D-3B2E8F6A43A4}.Release|Any CPU.ActiveCfg = Release|Any CPU
		{F12F0D0D-88FD-4D08-8A5D-3B2E8F6A43A4}.Release|Any CPU.Build.0 = Release|Any CPU
	EndGlobalSection
	GlobalSection(SolutionProperties) = preSolution
		HideSolutionNode = FALSE
	EndGlobalSection
	GlobalSection(ExtensibilityGlobals) = postSolution
		SolutionGuid = {EB379678-C96B-4842-AC83-EE57111F4DC7}
	EndGlobalSection
EndGlobal
